
Microsoft Visual Studio Solution File, Format Version 12.00
# Visual Studio Version 17
VisualStudioVersion = 17.7.34018.315
MinimumVisualStudioVersion = 10.0.40219.1
Project("{FAE04EC0-301F-11D3-BF4B-00C04F79EFBC}") = "UtilityService.Api", "UtilityService.Api\UtilityService.Api.csproj", "{AA77ED78-8C58-47A0-BA66-DBDA00FB2AAF}"
EndProject
Project("{FAE04EC0-301F-11D3-BF4B-00C04F79EFBC}") = "UtilityService.Model", "UtilityService.Model\UtilityService.Model.csproj", "{56E6D9EA-2535-4D9A-BFCF-C6720CE40098}"
EndProject
Global
	GlobalSection(SolutionConfigurationPlatforms) = preSolution
		Debug|Any CPU = Debug|Any CPU
		Release|Any CPU = Release|Any CPU
	EndGlobalSection
	GlobalSection(ProjectConfigurationPlatforms) = postSolution
		{AA77ED78-8C58-47A0-BA66-DBDA00FB2AAF}.Debug|Any CPU.ActiveCfg = Debug|Any CPU
		{AA77ED78-8C58-47A0-BA66-DBDA00FB2AAF}.Debug|Any CPU.Build.0 = Debug|Any CPU
		{AA77ED78-8C58-47A0-BA66-DBDA00FB2AAF}.Release|Any CPU.ActiveCfg = Release|Any CPU
		{AA77ED78-8C58-47A0-BA66-DBDA00FB2AAF}.Release|Any CPU.Build.0 = Release|Any CPU
		{56E6D9EA-2535-4D9A-BFCF-C6720CE40098}.Debug|Any CPU.ActiveCfg = Debug|Any CPU
		{56E6D9EA-2535-4D9A-BFCF-C6720CE40098}.Debug|Any CPU.Build.0 = Debug|Any CPU
		{56E6D9EA-2535-4D9A-BFCF-C6720CE40098}.Release|Any CPU.ActiveCfg = Release|Any CPU
		{56E6D9EA-2535-4D9A-BFCF-C6720CE40098}.Release|Any CPU.Build.0 = Release|Any CPU
	EndGlobalSection
	GlobalSection(SolutionProperties) = preSolution
		HideSolutionNode = FALSE
	EndGlobalSection
	GlobalSection(ExtensibilityGlobals) = postSolution
		SolutionGuid = {F50F322A-F6BC-4B1F-BA5E-6BB1F18667C6}
	EndGlobalSection
EndGlobal
